
Microsoft Visual Studio Solution File, Format Version 12.00
# Visual Studio Version 17
VisualStudioVersion = 17.7.34031.279
MinimumVisualStudioVersion = 10.0.40219.1
Project("{8BC9CEB8-8B4A-11D0-8D11-00A0C91BC942}") = "learnraylib", "learnraylib.vcxproj", "{EABEDE17-5419-424E-92FB-2373E7BE89F1}"
EndProject
Global
	GlobalSection(SolutionConfigurationPlatforms) = preSolution
		Debug|x64 = Debug|x64
		Debug|x86 = Debug|x86
		Release|x64 = Release|x64
		Release|x86 = Release|x86
	EndGlobalSection
	GlobalSection(ProjectConfigurationPlatforms) = postSolution
		{EABEDE17-5419-424E-92FB-2373E7BE89F1}.Debug|x64.ActiveCfg = Debug|x64
		{EABEDE17-5419-424E-92FB-2373E7BE89F1}.Debug|x64.Build.0 = Debug|x64
		{EABEDE17-5419-424E-92FB-2373E7BE89F1}.Debug|x86.ActiveCfg = Debug|Win32
		{EABEDE17-5419-424E-92FB-2373E7BE89F1}.Debug|x86.Build.0 = Debug|Win32
		{EABEDE17-5419-424E-92FB-2373E7BE89F1}.Release|x64.ActiveCfg = Release|x64
		{EABEDE17-5419-424E-92FB-2373E7BE89F1}.Release|x64.Build.0 = Release|x64
		{EABEDE17-5419-424E-92FB-2373E7BE89F1}.Release|x86.ActiveCfg = Release|Win32
		{EABEDE17-5419-424E-92FB-2373E7BE89F1}.Release|x86.Build.0 = Release|Win32
	EndGlobalSection
	GlobalSection(SolutionProperties) = preSolution
		HideSolutionNode = FALSE
	EndGlobalSection
	GlobalSection(ExtensibilityGlobals) = postSolution
		SolutionGuid = {95DCF8B1-87AE-4CA2-86EF-C6534477F703}
	EndGlobalSection
EndGlobal
